// !$*UTF8*$!
{
	archiveVersion = 1;
	classes = {
	};
	objectVersion = 50;
	objects = {

/* Begin PBXBuildFile section */
		AB2E401F220EC03C00ABD6D7 /* AppDelegate.swift in Sources */ = {isa = PBXBuildFile; fileRef = AB2E401E220EC03C00ABD6D7 /* AppDelegate.swift */; };
		AB2E4029220EC03F00ABD6D7 /* Assets.xcassets in Resources */ = {isa = PBXBuildFile; fileRef = AB2E4028220EC03F00ABD6D7 /* Assets.xcassets */; };
		AB2E402C220EC03F00ABD6D7 /* LaunchScreen.storyboard in Resources */ = {isa = PBXBuildFile; fileRef = AB2E402A220EC03F00ABD6D7 /* LaunchScreen.storyboard */; };
		AB2E403A220EC22600ABD6D7 /* QuotesViewController.swift in Sources */ = {isa = PBXBuildFile; fileRef = AB2E4039220EC22600ABD6D7 /* QuotesViewController.swift */; };
		AB2E403E220EC3C800ABD6D7 /* Quotes.storyboard in Resources */ = {isa = PBXBuildFile; fileRef = AB2E403D220EC3C800ABD6D7 /* Quotes.storyboard */; };
		AB2E404B220EC88500ABD6D7 /* TableBaseAdapter.swift in Sources */ = {isa = PBXBuildFile; fileRef = AB2E404A220EC88500ABD6D7 /* TableBaseAdapter.swift */; };
		AB2E404F220EC8C500ABD6D7 /* QuotesTableAdapter.swift in Sources */ = {isa = PBXBuildFile; fileRef = AB2E404E220EC8C500ABD6D7 /* QuotesTableAdapter.swift */; };
		AB2E4052220ECE4800ABD6D7 /* ForexApiProvider.swift in Sources */ = {isa = PBXBuildFile; fileRef = AB2E4051220ECE4800ABD6D7 /* ForexApiProvider.swift */; };
		AB2E4054220EE25E00ABD6D7 /* Quote.swift in Sources */ = {isa = PBXBuildFile; fileRef = AB2E4053220EE25E00ABD6D7 /* Quote.swift */; };
		AB2E4057220EE69A00ABD6D7 /* Extensions.swift in Sources */ = {isa = PBXBuildFile; fileRef = AB2E4056220EE69A00ABD6D7 /* Extensions.swift */; };
		AB2E405A220EF71E00ABD6D7 /* SaveService.swift in Sources */ = {isa = PBXBuildFile; fileRef = AB2E4059220EF71E00ABD6D7 /* SaveService.swift */; };
		AB2E405D220EFA0F00ABD6D7 /* QuotesService.swift in Sources */ = {isa = PBXBuildFile; fileRef = AB2E405C220EFA0F00ABD6D7 /* QuotesService.swift */; };
		AB2E4060220F070F00ABD6D7 /* QuoteCellModel.swift in Sources */ = {isa = PBXBuildFile; fileRef = AB2E405F220F070F00ABD6D7 /* QuoteCellModel.swift */; };
		AB2E4064220F105800ABD6D7 /* QuotesCell.swift in Sources */ = {isa = PBXBuildFile; fileRef = AB2E4062220F105800ABD6D7 /* QuotesCell.swift */; };
		AB2E4065220F105800ABD6D7 /* QuotesCell.xib in Resources */ = {isa = PBXBuildFile; fileRef = AB2E4063220F105800ABD6D7 /* QuotesCell.xib */; };
		AB2E4068220F1E3300ABD6D7 /* TimeConventer.swift in Sources */ = {isa = PBXBuildFile; fileRef = AB2E4067220F1E3300ABD6D7 /* TimeConventer.swift */; };
		AB2E406B220F23FB00ABD6D7 /* QuotesDefaultPresenter.swift in Sources */ = {isa = PBXBuildFile; fileRef = AB2E406A220F23FB00ABD6D7 /* QuotesDefaultPresenter.swift */; };
		AB2E406D220F240700ABD6D7 /* QuotesPresenter.swift in Sources */ = {isa = PBXBuildFile; fileRef = AB2E406C220F240700ABD6D7 /* QuotesPresenter.swift */; };
		AB2E4070220F248D00ABD6D7 /* QuotesView.swift in Sources */ = {isa = PBXBuildFile; fileRef = AB2E406F220F248D00ABD6D7 /* QuotesView.swift */; };
		AB2E4073220F24F000ABD6D7 /* QuotesInteractor.swift in Sources */ = {isa = PBXBuildFile; fileRef = AB2E4072220F24F000ABD6D7 /* QuotesInteractor.swift */; };
		AB2E4075220F24FD00ABD6D7 /* QuotesDefaultInteractor.swift in Sources */ = {isa = PBXBuildFile; fileRef = AB2E4074220F24FD00ABD6D7 /* QuotesDefaultInteractor.swift */; };
		AB2E4077220F254000ABD6D7 /* QuotesAssembler.swift in Sources */ = {isa = PBXBuildFile; fileRef = AB2E4076220F254000ABD6D7 /* QuotesAssembler.swift */; };
		AB2E4079220F2F9800ABD6D7 /* ForexApiConstants.swift in Sources */ = {isa = PBXBuildFile; fileRef = AB2E4078220F2F9800ABD6D7 /* ForexApiConstants.swift */; };
		AB2E407B220F316700ABD6D7 /* Constants.swift in Sources */ = {isa = PBXBuildFile; fileRef = AB2E407A220F316700ABD6D7 /* Constants.swift */; };
/* End PBXBuildFile section */

/* Begin PBXFileReference section */
		AB2E401B220EC03C00ABD6D7 /* ForexQuotes.app */ = {isa = PBXFileReference; explicitFileType = wrapper.application; includeInIndex = 0; path = ForexQuotes.app; sourceTree = BUILT_PRODUCTS_DIR; };
		AB2E401E220EC03C00ABD6D7 /* AppDelegate.swift */ = {isa = PBXFileReference; lastKnownFileType = sourcecode.swift; path = AppDelegate.swift; sourceTree = "<group>"; };
		AB2E4028220EC03F00ABD6D7 /* Assets.xcassets */ = {isa = PBXFileReference; lastKnownFileType = folder.assetcatalog; path = Assets.xcassets; sourceTree = "<group>"; };
		AB2E402B220EC03F00ABD6D7 /* Base */ = {isa = PBXFileReference; lastKnownFileType = file.storyboard; name = Base; path = Base.lproj/LaunchScreen.storyboard; sourceTree = "<group>"; };
		AB2E402D220EC03F00ABD6D7 /* Info.plist */ = {isa = PBXFileReference; lastKnownFileType = text.plist.xml; path = Info.plist; sourceTree = "<group>"; };
		AB2E4039220EC22600ABD6D7 /* QuotesViewController.swift */ = {isa = PBXFileReference; lastKnownFileType = sourcecode.swift; path = QuotesViewController.swift; sourceTree = "<group>"; };
		AB2E403D220EC3C800ABD6D7 /* Quotes.storyboard */ = {isa = PBXFileReference; lastKnownFileType = file.storyboard; path = Quotes.storyboard; sourceTree = "<group>"; };
		AB2E404A220EC88500ABD6D7 /* TableBaseAdapter.swift */ = {isa = PBXFileReference; lastKnownFileType = sourcecode.swift; path = TableBaseAdapter.swift; sourceTree = "<group>"; };
		AB2E404E220EC8C500ABD6D7 /* QuotesTableAdapter.swift */ = {isa = PBXFileReference; lastKnownFileType = sourcecode.swift; path = QuotesTableAdapter.swift; sourceTree = "<group>"; };
		AB2E4051220ECE4800ABD6D7 /* ForexApiProvider.swift */ = {isa = PBXFileReference; lastKnownFileType = sourcecode.swift; path = ForexApiProvider.swift; sourceTree = "<group>"; };
		AB2E4053220EE25E00ABD6D7 /* Quote.swift */ = {isa = PBXFileReference; lastKnownFileType = sourcecode.swift; path = Quote.swift; sourceTree = "<group>"; };
		AB2E4056220EE69A00ABD6D7 /* Extensions.swift */ = {isa = PBXFileReference; lastKnownFileType = sourcecode.swift; path = Extensions.swift; sourceTree = "<group>"; };
		AB2E4059220EF71E00ABD6D7 /* SaveService.swift */ = {isa = PBXFileReference; lastKnownFileType = sourcecode.swift; path = SaveService.swift; sourceTree = "<group>"; };
		AB2E405C220EFA0F00ABD6D7 /* QuotesService.swift */ = {isa = PBXFileReference; lastKnownFileType = sourcecode.swift; path = QuotesService.swift; sourceTree = "<group>"; };
		AB2E405F220F070F00ABD6D7 /* QuoteCellModel.swift */ = {isa = PBXFileReference; lastKnownFileType = sourcecode.swift; path = QuoteCellModel.swift; sourceTree = "<group>"; };
		AB2E4062220F105800ABD6D7 /* QuotesCell.swift */ = {isa = PBXFileReference; lastKnownFileType = sourcecode.swift; path = QuotesCell.swift; sourceTree = "<group>"; };
		AB2E4063220F105800ABD6D7 /* QuotesCell.xib */ = {isa = PBXFileReference; lastKnownFileType = file.xib; path = QuotesCell.xib; sourceTree = "<group>"; };
		AB2E4067220F1E3300ABD6D7 /* TimeConventer.swift */ = {isa = PBXFileReference; lastKnownFileType = sourcecode.swift; path = TimeConventer.swift; sourceTree = "<group>"; };
		AB2E406A220F23FB00ABD6D7 /* QuotesDefaultPresenter.swift */ = {isa = PBXFileReference; lastKnownFileType = sourcecode.swift; path = QuotesDefaultPresenter.swift; sourceTree = "<group>"; };
		AB2E406C220F240700ABD6D7 /* QuotesPresenter.swift */ = {isa = PBXFileReference; lastKnownFileType = sourcecode.swift; path = QuotesPresenter.swift; sourceTree = "<group>"; };
		AB2E406F220F248D00ABD6D7 /* QuotesView.swift */ = {isa = PBXFileReference; lastKnownFileType = sourcecode.swift; path = QuotesView.swift; sourceTree = "<group>"; };
		AB2E4072220F24F000ABD6D7 /* QuotesInteractor.swift */ = {isa = PBXFileReference; lastKnownFileType = sourcecode.swift; path = QuotesInteractor.swift; sourceTree = "<group>"; };
		AB2E4074220F24FD00ABD6D7 /* QuotesDefaultInteractor.swift */ = {isa = PBXFileReference; lastKnownFileType = sourcecode.swift; path = QuotesDefaultInteractor.swift; sourceTree = "<group>"; };
		AB2E4076220F254000ABD6D7 /* QuotesAssembler.swift */ = {isa = PBXFileReference; lastKnownFileType = sourcecode.swift; path = QuotesAssembler.swift; sourceTree = "<group>"; };
		AB2E4078220F2F9800ABD6D7 /* ForexApiConstants.swift */ = {isa = PBXFileReference; lastKnownFileType = sourcecode.swift; path = ForexApiConstants.swift; sourceTree = "<group>"; };
		AB2E407A220F316700ABD6D7 /* Constants.swift */ = {isa = PBXFileReference; lastKnownFileType = sourcecode.swift; path = Constants.swift; sourceTree = "<group>"; };
/* End PBXFileReference section */

/* Begin PBXFrameworksBuildPhase section */
		AB2E4018220EC03C00ABD6D7 /* Frameworks */ = {
			isa = PBXFrameworksBuildPhase;
			buildActionMask = 2147483647;
			files = (
			);
			runOnlyForDeploymentPostprocessing = 0;
		};
/* End PBXFrameworksBuildPhase section */

/* Begin PBXGroup section */
		AB2E4012220EC03C00ABD6D7 = {
			isa = PBXGroup;
			children = (
				AB2E401D220EC03C00ABD6D7 /* ForexQuotes */,
				AB2E401C220EC03C00ABD6D7 /* Products */,
			);
			sourceTree = "<group>";
		};
		AB2E401C220EC03C00ABD6D7 /* Products */ = {
			isa = PBXGroup;
			children = (
				AB2E401B220EC03C00ABD6D7 /* ForexQuotes.app */,
			);
			name = Products;
			sourceTree = "<group>";
		};
		AB2E401D220EC03C00ABD6D7 /* ForexQuotes */ = {
			isa = PBXGroup;
			children = (
				AB2E401E220EC03C00ABD6D7 /* AppDelegate.swift */,
				AB2E4046220EC70100ABD6D7 /* Adapters */,
				AB2E4037220EC1DA00ABD6D7 /* Entities */,
				AB2E4036220EC1CD00ABD6D7 /* Constants */,
				AB2E4035220EC1B700ABD6D7 /* Services */,
				AB2E4033220EC15800ABD6D7 /* Modules */,
				AB2E4055220EE67F00ABD6D7 /* Extensions */,
				AB2E4066220F1E1000ABD6D7 /* Utils */,
				AB2E4028220EC03F00ABD6D7 /* Assets.xcassets */,
				AB2E402A220EC03F00ABD6D7 /* LaunchScreen.storyboard */,
				AB2E402D220EC03F00ABD6D7 /* Info.plist */,
			);
			path = ForexQuotes;
			sourceTree = "<group>";
		};
		AB2E4033220EC15800ABD6D7 /* Modules */ = {
			isa = PBXGroup;
			children = (
				AB2E4038220EC20800ABD6D7 /* Quotes */,
			);
			path = Modules;
			sourceTree = "<group>";
		};
		AB2E4035220EC1B700ABD6D7 /* Services */ = {
			isa = PBXGroup;
			children = (
				AB2E405B220EFA0100ABD6D7 /* Quotes */,
				AB2E4058220EF70C00ABD6D7 /* SaveService */,
				AB2E4050220ECE2C00ABD6D7 /* ApiProvider */,
			);
			path = Services;
			sourceTree = "<group>";
		};
		AB2E4036220EC1CD00ABD6D7 /* Constants */ = {
			isa = PBXGroup;
			children = (
				AB2E4078220F2F9800ABD6D7 /* ForexApiConstants.swift */,
				AB2E407A220F316700ABD6D7 /* Constants.swift */,
			);
			path = Constants;
			sourceTree = "<group>";
		};
		AB2E4037220EC1DA00ABD6D7 /* Entities */ = {
			isa = PBXGroup;
			children = (
				AB2E4053220EE25E00ABD6D7 /* Quote.swift */,
			);
			path = Entities;
			sourceTree = "<group>";
		};
		AB2E4038220EC20800ABD6D7 /* Quotes */ = {
			isa = PBXGroup;
			children = (
				AB2E4076220F254000ABD6D7 /* QuotesAssembler.swift */,
				AB2E406E220F246100ABD6D7 /* Interactor */,
				AB2E4069220F23D800ABD6D7 /* Presenter */,
				AB2E404D220EC8B200ABD6D7 /* Adapters */,
				AB2E404C220EC8A900ABD6D7 /* View */,
			);
			path = Quotes;
			sourceTree = "<group>";
		};
		AB2E4046220EC70100ABD6D7 /* Adapters */ = {
			isa = PBXGroup;
			children = (
				AB2E404A220EC88500ABD6D7 /* TableBaseAdapter.swift */,
			);
			path = Adapters;
			sourceTree = "<group>";
		};
		AB2E404C220EC8A900ABD6D7 /* View */ = {
			isa = PBXGroup;
			children = (
				AB2E4061220F103E00ABD6D7 /* QuotesCell */,
				AB2E403D220EC3C800ABD6D7 /* Quotes.storyboard */,
				AB2E4039220EC22600ABD6D7 /* QuotesViewController.swift */,
				AB2E406F220F248D00ABD6D7 /* QuotesView.swift */,
			);
			path = View;
			sourceTree = "<group>";
		};
		AB2E404D220EC8B200ABD6D7 /* Adapters */ = {
			isa = PBXGroup;
			children = (
				AB2E404E220EC8C500ABD6D7 /* QuotesTableAdapter.swift */,
			);
			path = Adapters;
			sourceTree = "<group>";
		};
		AB2E4050220ECE2C00ABD6D7 /* ApiProvider */ = {
			isa = PBXGroup;
			children = (
				AB2E4051220ECE4800ABD6D7 /* ForexApiProvider.swift */,
			);
			path = ApiProvider;
			sourceTree = "<group>";
		};
		AB2E4055220EE67F00ABD6D7 /* Extensions */ = {
			isa = PBXGroup;
			children = (
				AB2E4056220EE69A00ABD6D7 /* Extensions.swift */,
			);
			path = Extensions;
			sourceTree = "<group>";
		};
		AB2E4058220EF70C00ABD6D7 /* SaveService */ = {
			isa = PBXGroup;
			children = (
				AB2E4059220EF71E00ABD6D7 /* SaveService.swift */,
			);
			path = SaveService;
			sourceTree = "<group>";
		};
		AB2E405B220EFA0100ABD6D7 /* Quotes */ = {
			isa = PBXGroup;
			children = (
				AB2E405C220EFA0F00ABD6D7 /* QuotesService.swift */,
			);
			path = Quotes;
			sourceTree = "<group>";
		};
		AB2E4061220F103E00ABD6D7 /* QuotesCell */ = {
			isa = PBXGroup;
			children = (
				AB2E4062220F105800ABD6D7 /* QuotesCell.swift */,
				AB2E4063220F105800ABD6D7 /* QuotesCell.xib */,
				AB2E405F220F070F00ABD6D7 /* QuoteCellModel.swift */,
			);
			path = QuotesCell;
			sourceTree = "<group>";
		};
		AB2E4066220F1E1000ABD6D7 /* Utils */ = {
			isa = PBXGroup;
			children = (
				AB2E4067220F1E3300ABD6D7 /* TimeConventer.swift */,
			);
			path = Utils;
			sourceTree = "<group>";
		};
		AB2E4069220F23D800ABD6D7 /* Presenter */ = {
			isa = PBXGroup;
			children = (
				AB2E406C220F240700ABD6D7 /* QuotesPresenter.swift */,
				AB2E406A220F23FB00ABD6D7 /* QuotesDefaultPresenter.swift */,
			);
			path = Presenter;
			sourceTree = "<group>";
		};
		AB2E406E220F246100ABD6D7 /* Interactor */ = {
			isa = PBXGroup;
			children = (
				AB2E4072220F24F000ABD6D7 /* QuotesInteractor.swift */,
				AB2E4074220F24FD00ABD6D7 /* QuotesDefaultInteractor.swift */,
			);
			path = Interactor;
			sourceTree = "<group>";
		};
/* End PBXGroup section */

/* Begin PBXNativeTarget section */
		AB2E401A220EC03C00ABD6D7 /* ForexQuotes */ = {
			isa = PBXNativeTarget;
			buildConfigurationList = AB2E4030220EC03F00ABD6D7 /* Build configuration list for PBXNativeTarget "ForexQuotes" */;
			buildPhases = (
				AB2E4017220EC03C00ABD6D7 /* Sources */,
				AB2E4018220EC03C00ABD6D7 /* Frameworks */,
				AB2E4019220EC03C00ABD6D7 /* Resources */,
			);
			buildRules = (
			);
			dependencies = (
			);
			name = ForexQuotes;
			productName = ForexQuotes;
			productReference = AB2E401B220EC03C00ABD6D7 /* ForexQuotes.app */;
			productType = "com.apple.product-type.application";
		};
/* End PBXNativeTarget section */

/* Begin PBXProject section */
		AB2E4013220EC03C00ABD6D7 /* Project object */ = {
			isa = PBXProject;
			attributes = {
				LastSwiftUpdateCheck = 1010;
				LastUpgradeCheck = 1010;
				ORGANIZATIONNAME = "Доловсков Владислав";
				TargetAttributes = {
					AB2E401A220EC03C00ABD6D7 = {
						CreatedOnToolsVersion = 10.1;
					};
				};
			};
			buildConfigurationList = AB2E4016220EC03C00ABD6D7 /* Build configuration list for PBXProject "ForexQuotes" */;
			compatibilityVersion = "Xcode 9.3";
			developmentRegion = en;
			hasScannedForEncodings = 0;
			knownRegions = (
				en,
				Base,
			);
			mainGroup = AB2E4012220EC03C00ABD6D7;
			productRefGroup = AB2E401C220EC03C00ABD6D7 /* Products */;
			projectDirPath = "";
			projectRoot = "";
			targets = (
				AB2E401A220EC03C00ABD6D7 /* ForexQuotes */,
			);
		};
/* End PBXProject section */

/* Begin PBXResourcesBuildPhase section */
		AB2E4019220EC03C00ABD6D7 /* Resources */ = {
			isa = PBXResourcesBuildPhase;
			buildActionMask = 2147483647;
			files = (
				AB2E4065220F105800ABD6D7 /* QuotesCell.xib in Resources */,
				AB2E402C220EC03F00ABD6D7 /* LaunchScreen.storyboard in Resources */,
				AB2E403E220EC3C800ABD6D7 /* Quotes.storyboard in Resources */,
				AB2E4029220EC03F00ABD6D7 /* Assets.xcassets in Resources */,
			);
			runOnlyForDeploymentPostprocessing = 0;
		};
/* End PBXResourcesBuildPhase section */

/* Begin PBXSourcesBuildPhase section */
		AB2E4017220EC03C00ABD6D7 /* Sources */ = {
			isa = PBXSourcesBuildPhase;
			buildActionMask = 2147483647;
			files = (
				AB2E404B220EC88500ABD6D7 /* TableBaseAdapter.swift in Sources */,
				AB2E406B220F23FB00ABD6D7 /* QuotesDefaultPresenter.swift in Sources */,
				AB2E404F220EC8C500ABD6D7 /* QuotesTableAdapter.swift in Sources */,
				AB2E403A220EC22600ABD6D7 /* QuotesViewController.swift in Sources */,
				AB2E4077220F254000ABD6D7 /* QuotesAssembler.swift in Sources */,
				AB2E4057220EE69A00ABD6D7 /* Extensions.swift in Sources */,
				AB2E405A220EF71E00ABD6D7 /* SaveService.swift in Sources */,
				AB2E4052220ECE4800ABD6D7 /* ForexApiProvider.swift in Sources */,
				AB2E4060220F070F00ABD6D7 /* QuoteCellModel.swift in Sources */,
				AB2E4054220EE25E00ABD6D7 /* Quote.swift in Sources */,
				AB2E405D220EFA0F00ABD6D7 /* QuotesService.swift in Sources */,
				AB2E4075220F24FD00ABD6D7 /* QuotesDefaultInteractor.swift in Sources */,
				AB2E4068220F1E3300ABD6D7 /* TimeConventer.swift in Sources */,
				AB2E406D220F240700ABD6D7 /* QuotesPresenter.swift in Sources */,
				AB2E4064220F105800ABD6D7 /* QuotesCell.swift in Sources */,
				AB2E407B220F316700ABD6D7 /* Constants.swift in Sources */,
				AB2E4073220F24F000ABD6D7 /* QuotesInteractor.swift in Sources */,
				AB2E401F220EC03C00ABD6D7 /* AppDelegate.swift in Sources */,
				AB2E4070220F248D00ABD6D7 /* QuotesView.swift in Sources */,
				AB2E4079220F2F9800ABD6D7 /* ForexApiConstants.swift in Sources */,
			);
			runOnlyForDeploymentPostprocessing = 0;
		};
/* End PBXSourcesBuildPhase section */

/* Begin PBXVariantGroup section */
		AB2E402A220EC03F00ABD6D7 /* LaunchScreen.storyboard */ = {
			isa = PBXVariantGroup;
			children = (
				AB2E402B220EC03F00ABD6D7 /* Base */,
			);
			name = LaunchScreen.storyboard;
			sourceTree = "<group>";
		};
/* End PBXVariantGroup section */

/* Begin XCBuildConfiguration section */
		AB2E402E220EC03F00ABD6D7 /* Debug */ = {
			isa = XCBuildConfiguration;
			buildSettings = {
				ALWAYS_SEARCH_USER_PATHS = NO;
				CLANG_ANALYZER_NONNULL = YES;
				CLANG_ANALYZER_NUMBER_OBJECT_CONVERSION = YES_AGGRESSIVE;
				CLANG_CXX_LANGUAGE_STANDARD = "gnu++14";
				CLANG_CXX_LIBRARY = "libc++";
				CLANG_ENABLE_MODULES = YES;
				CLANG_ENABLE_OBJC_ARC = YES;
				CLANG_ENABLE_OBJC_WEAK = YES;
				CLANG_WARN_BLOCK_CAPTURE_AUTORELEASING = YES;
				CLANG_WARN_BOOL_CONVERSION = YES;
				CLANG_WARN_COMMA = YES;
				CLANG_WARN_CONSTANT_CONVERSION = YES;
				CLANG_WARN_DEPRECATED_OBJC_IMPLEMENTATIONS = YES;
				CLANG_WARN_DIRECT_OBJC_ISA_USAGE = YES_ERROR;
				CLANG_WARN_DOCUMENTATION_COMMENTS = YES;
				CLANG_WARN_EMPTY_BODY = YES;
				CLANG_WARN_ENUM_CONVERSION = YES;
				CLANG_WARN_INFINITE_RECURSION = YES;
				CLANG_WARN_INT_CONVERSION = YES;
				CLANG_WARN_NON_LITERAL_NULL_CONVERSION = YES;
				CLANG_WARN_OBJC_IMPLICIT_RETAIN_SELF = YES;
				CLANG_WARN_OBJC_LITERAL_CONVERSION = YES;
				CLANG_WARN_OBJC_ROOT_CLASS = YES_ERROR;
				CLANG_WARN_RANGE_LOOP_ANALYSIS = YES;
				CLANG_WARN_STRICT_PROTOTYPES = YES;
				CLANG_WARN_SUSPICIOUS_MOVE = YES;
				CLANG_WARN_UNGUARDED_AVAILABILITY = YES_AGGRESSIVE;
				CLANG_WARN_UNREACHABLE_CODE = YES;
				CLANG_WARN__DUPLICATE_METHOD_MATCH = YES;
				CODE_SIGN_IDENTITY = "iPhone Developer";
				COPY_PHASE_STRIP = NO;
				DEBUG_INFORMATION_FORMAT = dwarf;
				ENABLE_STRICT_OBJC_MSGSEND = YES;
				ENABLE_TESTABILITY = YES;
				GCC_C_LANGUAGE_STANDARD = gnu11;
				GCC_DYNAMIC_NO_PIC = NO;
				GCC_NO_COMMON_BLOCKS = YES;
				GCC_OPTIMIZATION_LEVEL = 0;
				GCC_PREPROCESSOR_DEFINITIONS = (
					"DEBUG=1",
					"$(inherited)",
				);
				GCC_WARN_64_TO_32_BIT_CONVERSION = YES;
				GCC_WARN_ABOUT_RETURN_TYPE = YES_ERROR;
				GCC_WARN_UNDECLARED_SELECTOR = YES;
				GCC_WARN_UNINITIALIZED_AUTOS = YES_AGGRESSIVE;
				GCC_WARN_UNUSED_FUNCTION = YES;
				GCC_WARN_UNUSED_VARIABLE = YES;
				IPHONEOS_DEPLOYMENT_TARGET = 12.1;
				MTL_ENABLE_DEBUG_INFO = INCLUDE_SOURCE;
				MTL_FAST_MATH = YES;
				ONLY_ACTIVE_ARCH = YES;
				SDKROOT = iphoneos;
				SWIFT_ACTIVE_COMPILATION_CONDITIONS = DEBUG;
				SWIFT_OPTIMIZATION_LEVEL = "-Onone";
			};
			name = Debug;
		};
		AB2E402F220EC03F00ABD6D7 /* Release */ = {
			isa = XCBuildConfiguration;
			buildSettings = {
				ALWAYS_SEARCH_USER_PATHS = NO;
				CLANG_ANALYZER_NONNULL = YES;
				CLANG_ANALYZER_NUMBER_OBJECT_CONVERSION = YES_AGGRESSIVE;
				CLANG_CXX_LANGUAGE_STANDARD = "gnu++14";
				CLANG_CXX_LIBRARY = "libc++";
				CLANG_ENABLE_MODULES = YES;
				CLANG_ENABLE_OBJC_ARC = YES;
				CLANG_ENABLE_OBJC_WEAK = YES;
				CLANG_WARN_BLOCK_CAPTURE_AUTORELEASING = YES;
				CLANG_WARN_BOOL_CONVERSION = YES;
				CLANG_WARN_COMMA = YES;
				CLANG_WARN_CONSTANT_CONVERSION = YES;
				CLANG_WARN_DEPRECATED_OBJC_IMPLEMENTATIONS = YES;
				CLANG_WARN_DIRECT_OBJC_ISA_USAGE = YES_ERROR;
				CLANG_WARN_DOCUMENTATION_COMMENTS = YES;
				CLANG_WARN_EMPTY_BODY = YES;
				CLANG_WARN_ENUM_CONVERSION = YES;
				CLANG_WARN_INFINITE_RECURSION = YES;
				CLANG_WARN_INT_CONVERSION = YES;
				CLANG_WARN_NON_LITERAL_NULL_CONVERSION = YES;
				CLANG_WARN_OBJC_IMPLICIT_RETAIN_SELF = YES;
				CLANG_WARN_OBJC_LITERAL_CONVERSION = YES;
				CLANG_WARN_OBJC_ROOT_CLASS = YES_ERROR;
				CLANG_WARN_RANGE_LOOP_ANALYSIS = YES;
				CLANG_WARN_STRICT_PROTOTYPES = YES;
				CLANG_WARN_SUSPICIOUS_MOVE = YES;
				CLANG_WARN_UNGUARDED_AVAILABILITY = YES_AGGRESSIVE;
				CLANG_WARN_UNREACHABLE_CODE = YES;
				CLANG_WARN__DUPLICATE_METHOD_MATCH = YES;
				CODE_SIGN_IDENTITY = "iPhone Developer";
				COPY_PHASE_STRIP = NO;
				DEBUG_INFORMATION_FORMAT = "dwarf-with-dsym";
				ENABLE_NS_ASSERTIONS = NO;
				ENABLE_STRICT_OBJC_MSGSEND = YES;
				GCC_C_LANGUAGE_STANDARD = gnu11;
				GCC_NO_COMMON_BLOCKS = YES;
				GCC_WARN_64_TO_32_BIT_CONVERSION = YES;
				GCC_WARN_ABOUT_RETURN_TYPE = YES_ERROR;
				GCC_WARN_UNDECLARED_SELECTOR = YES;
				GCC_WARN_UNINITIALIZED_AUTOS = YES_AGGRESSIVE;
				GCC_WARN_UNUSED_FUNCTION = YES;
				GCC_WARN_UNUSED_VARIABLE = YES;
				IPHONEOS_DEPLOYMENT_TARGET = 12.1;
				MTL_ENABLE_DEBUG_INFO = NO;
				MTL_FAST_MATH = YES;
				SDKROOT = iphoneos;
				SWIFT_COMPILATION_MODE = wholemodule;
				SWIFT_OPTIMIZATION_LEVEL = "-O";
				VALIDATE_PRODUCT = YES;
			};
			name = Release;
		};
		AB2E4031220EC03F00ABD6D7 /* Debug */ = {
			isa = XCBuildConfiguration;
			buildSettings = {
				ASSETCATALOG_COMPILER_APPICON_NAME = AppIcon;
				CODE_SIGN_STYLE = Automatic;
				DEVELOPMENT_TEAM = 8H76T89995;
				INFOPLIST_FILE = ForexQuotes/Info.plist;
				IPHONEOS_DEPLOYMENT_TARGET = 10.0;
				LD_RUNPATH_SEARCH_PATHS = (
					"$(inherited)",
					"@executable_path/Frameworks",
				);
				PRODUCT_BUNDLE_IDENTIFIER = dolovskov.ForexQuotes;
				PRODUCT_NAME = "$(TARGET_NAME)";
				SWIFT_VERSION = 4.2;
				TARGETED_DEVICE_FAMILY = "1,2";
			};
			name = Debug;
		};
		AB2E4032220EC03F00ABD6D7 /* Release */ = {
			isa = XCBuildConfiguration;
			buildSettings = {
				ASSETCATALOG_COMPILER_APPICON_NAME = AppIcon;
				CODE_SIGN_STYLE = Automatic;
				DEVELOPMENT_TEAM = 8H76T89995;
				INFOPLIST_FILE = ForexQuotes/Info.plist;
				IPHONEOS_DEPLOYMENT_TARGET = 10.0;
				LD_RUNPATH_SEARCH_PATHS = (
					"$(inherited)",
					"@executable_path/Frameworks",
				);
				PRODUCT_BUNDLE_IDENTIFIER = dolovskov.ForexQuotes;
				PRODUCT_NAME = "$(TARGET_NAME)";
				SWIFT_VERSION = 4.2;
				TARGETED_DEVICE_FAMILY = "1,2";
			};
			name = Release;
		};
/* End XCBuildConfiguration section */

/* Begin XCConfigurationList section */
		AB2E4016220EC03C00ABD6D7 /* Build configuration list for PBXProject "ForexQuotes" */ = {
			isa = XCConfigurationList;
			buildConfigurations = (
				AB2E402E220EC03F00ABD6D7 /* Debug */,
				AB2E402F220EC03F00ABD6D7 /* Release */,
			);
			defaultConfigurationIsVisible = 0;
			defaultConfigurationName = Release;
		};
		AB2E4030220EC03F00ABD6D7 /* Build configuration list for PBXNativeTarget "ForexQuotes" */ = {
			isa = XCConfigurationList;
			buildConfigurations = (
				AB2E4031220EC03F00ABD6D7 /* Debug */,
				AB2E4032220EC03F00ABD6D7 /* Release */,
			);
			defaultConfigurationIsVisible = 0;
			defaultConfigurationName = Release;
		};
/* End XCConfigurationList section */
	};
	rootObject = AB2E4013220EC03C00ABD6D7 /* Project object */;
}
